
Microsoft Visual Studio Solution File, Format Version 12.00
# Visual Studio 15
VisualStudioVersion = 15.0.28307.2092
MinimumVisualStudioVersion = 10.0.40219.1
Project("{FAE04EC0-301F-11D3-BF4B-00C04F79EFBC}") = "Cu Thi Phuong Thao - Bao cao cong nghe phan mem", "Cu Thi Phuong Thao - Bao cao cong nghe phan mem.csproj", "{2883F83A-7D67-4BB5-ADBB-5F9F080DAD3E}"
EndProject
Global
	GlobalSection(SolutionConfigurationPlatforms) = preSolution
		Debug|x86 = Debug|x86
		Release|x86 = Release|x86
	EndGlobalSection
	GlobalSection(ProjectConfigurationPlatforms) = postSolution
		{2883F83A-7D67-4BB5-ADBB-5F9F080DAD3E}.Debug|x86.ActiveCfg = Debug|x86
		{2883F83A-7D67-4BB5-ADBB-5F9F080DAD3E}.Debug|x86.Build.0 = Debug|x86
		{2883F83A-7D67-4BB5-ADBB-5F9F080DAD3E}.Release|x86.ActiveCfg = Release|x86
		{2883F83A-7D67-4BB5-ADBB-5F9F080DAD3E}.Release|x86.Build.0 = Release|x86
	EndGlobalSection
	GlobalSection(SolutionProperties) = preSolution
		HideSolutionNode = FALSE
	EndGlobalSection
	GlobalSection(ExtensibilityGlobals) = postSolution
		SolutionGuid = {752024BB-3BC0-45CF-9949-C4BE17C0DDF4}
	EndGlobalSection
EndGlobal
